// !$*UTF8*$!
{
	archiveVersion = 1;
	classes = {
	};
	objectVersion = 56;
	objects = {

/* Begin PBXBuildFile section */
		890593BF29BB214800D24574 /* SettingValues.swift in Sources */ = {isa = PBXBuildFile; fileRef = 890593BE29BB214800D24574 /* SettingValues.swift */; };
		890593C129BB3CFA00D24574 /* DateFormatter.swift in Sources */ = {isa = PBXBuildFile; fileRef = 890593C029BB3CFA00D24574 /* DateFormatter.swift */; };
		890593C429BB4DF900D24574 /* SettingsCellViewModel.swift in Sources */ = {isa = PBXBuildFile; fileRef = 890593C329BB4DF900D24574 /* SettingsCellViewModel.swift */; };
		89AF791129BB07700054E825 /* SmokeCounterApp.swift in Sources */ = {isa = PBXBuildFile; fileRef = 89AF791029BB07700054E825 /* SmokeCounterApp.swift */; };
		89AF791329BB07700054E825 /* ContentView.swift in Sources */ = {isa = PBXBuildFile; fileRef = 89AF791229BB07700054E825 /* ContentView.swift */; };
		89AF791529BB07710054E825 /* Assets.xcassets in Resources */ = {isa = PBXBuildFile; fileRef = 89AF791429BB07710054E825 /* Assets.xcassets */; };
		89AF791829BB07710054E825 /* Preview Assets.xcassets in Resources */ = {isa = PBXBuildFile; fileRef = 89AF791729BB07710054E825 /* Preview Assets.xcassets */; };
		89AF792229BB07B30054E825 /* MainView.swift in Sources */ = {isa = PBXBuildFile; fileRef = 89AF792129BB07B30054E825 /* MainView.swift */; };
		89AF792429BB07BB0054E825 /* StatusView.swift in Sources */ = {isa = PBXBuildFile; fileRef = 89AF792329BB07BB0054E825 /* StatusView.swift */; };
		89AF792629BB07C60054E825 /* SettingsView.swift in Sources */ = {isa = PBXBuildFile; fileRef = 89AF792529BB07C60054E825 /* SettingsView.swift */; };
		89B9D5FD29BF846D00441D99 /* WelcomeView.swift in Sources */ = {isa = PBXBuildFile; fileRef = 89B9D5FC29BF846D00441D99 /* WelcomeView.swift */; };
/* End PBXBuildFile section */

/* Begin PBXFileReference section */
		890593BE29BB214800D24574 /* SettingValues.swift */ = {isa = PBXFileReference; lastKnownFileType = sourcecode.swift; path = SettingValues.swift; sourceTree = "<group>"; };
		890593C029BB3CFA00D24574 /* DateFormatter.swift */ = {isa = PBXFileReference; lastKnownFileType = sourcecode.swift; path = DateFormatter.swift; sourceTree = "<group>"; };
		890593C329BB4DF900D24574 /* SettingsCellViewModel.swift */ = {isa = PBXFileReference; lastKnownFileType = sourcecode.swift; path = SettingsCellViewModel.swift; sourceTree = "<group>"; };
		89AF790D29BB07700054E825 /* SmokeCounter.app */ = {isa = PBXFileReference; explicitFileType = wrapper.application; includeInIndex = 0; path = SmokeCounter.app; sourceTree = BUILT_PRODUCTS_DIR; };
		89AF791029BB07700054E825 /* SmokeCounterApp.swift */ = {isa = PBXFileReference; lastKnownFileType = sourcecode.swift; path = SmokeCounterApp.swift; sourceTree = "<group>"; };
		89AF791229BB07700054E825 /* ContentView.swift */ = {isa = PBXFileReference; lastKnownFileType = sourcecode.swift; path = ContentView.swift; sourceTree = "<group>"; };
		89AF791429BB07710054E825 /* Assets.xcassets */ = {isa = PBXFileReference; lastKnownFileType = folder.assetcatalog; path = Assets.xcassets; sourceTree = "<group>"; };
		89AF791729BB07710054E825 /* Preview Assets.xcassets */ = {isa = PBXFileReference; lastKnownFileType = folder.assetcatalog; path = "Preview Assets.xcassets"; sourceTree = "<group>"; };
		89AF792129BB07B30054E825 /* MainView.swift */ = {isa = PBXFileReference; lastKnownFileType = sourcecode.swift; path = MainView.swift; sourceTree = "<group>"; };
		89AF792329BB07BB0054E825 /* StatusView.swift */ = {isa = PBXFileReference; lastKnownFileType = sourcecode.swift; path = StatusView.swift; sourceTree = "<group>"; };
		89AF792529BB07C60054E825 /* SettingsView.swift */ = {isa = PBXFileReference; lastKnownFileType = sourcecode.swift; path = SettingsView.swift; sourceTree = "<group>"; };
		89B9D5FC29BF846D00441D99 /* WelcomeView.swift */ = {isa = PBXFileReference; lastKnownFileType = sourcecode.swift; path = WelcomeView.swift; sourceTree = "<group>"; };
/* End PBXFileReference section */

/* Begin PBXFrameworksBuildPhase section */
		89AF790A29BB07700054E825 /* Frameworks */ = {
			isa = PBXFrameworksBuildPhase;
			buildActionMask = 2147483647;
			files = (
			);
			runOnlyForDeploymentPostprocessing = 0;
		};
/* End PBXFrameworksBuildPhase section */

/* Begin PBXGroup section */
		890593C229BB437C00D24574 /* Utils */ = {
			isa = PBXGroup;
			children = (
				890593C029BB3CFA00D24574 /* DateFormatter.swift */,
			);
			path = Utils;
			sourceTree = "<group>";
		};
		89AF790429BB07700054E825 = {
			isa = PBXGroup;
			children = (
				89AF790F29BB07700054E825 /* SmokeCounter */,
				89AF790E29BB07700054E825 /* Products */,
			);
			sourceTree = "<group>";
		};
		89AF790E29BB07700054E825 /* Products */ = {
			isa = PBXGroup;
			children = (
				89AF790D29BB07700054E825 /* SmokeCounter.app */,
			);
			name = Products;
			sourceTree = "<group>";
		};
		89AF790F29BB07700054E825 /* SmokeCounter */ = {
			isa = PBXGroup;
			children = (
				89AF792029BB078B0054E825 /* Model */,
				89AF791F29BB07820054E825 /* View */,
				89AF791E29BB077D0054E825 /* ViewModel */,
				890593C229BB437C00D24574 /* Utils */,
				89AF791429BB07710054E825 /* Assets.xcassets */,
				89AF791029BB07700054E825 /* SmokeCounterApp.swift */,
				89AF791629BB07710054E825 /* Preview Content */,
			);
			path = SmokeCounter;
			sourceTree = "<group>";
		};
		89AF791629BB07710054E825 /* Preview Content */ = {
			isa = PBXGroup;
			children = (
				89AF791729BB07710054E825 /* Preview Assets.xcassets */,
			);
			path = "Preview Content";
			sourceTree = "<group>";
		};
		89AF791E29BB077D0054E825 /* ViewModel */ = {
			isa = PBXGroup;
			children = (
				890593C329BB4DF900D24574 /* SettingsCellViewModel.swift */,
			);
			path = ViewModel;
			sourceTree = "<group>";
		};
		89AF791F29BB07820054E825 /* View */ = {
			isa = PBXGroup;
			children = (
				89AF792129BB07B30054E825 /* MainView.swift */,
				89AF792329BB07BB0054E825 /* StatusView.swift */,
				89AF792529BB07C60054E825 /* SettingsView.swift */,
				89AF791229BB07700054E825 /* ContentView.swift */,
				89B9D5FC29BF846D00441D99 /* WelcomeView.swift */,
			);
			path = View;
			sourceTree = "<group>";
		};
		89AF792029BB078B0054E825 /* Model */ = {
			isa = PBXGroup;
			children = (
				890593BE29BB214800D24574 /* SettingValues.swift */,
			);
			path = Model;
			sourceTree = "<group>";
		};
/* End PBXGroup section */

/* Begin PBXNativeTarget section */
		89AF790C29BB07700054E825 /* SmokeCounter */ = {
			isa = PBXNativeTarget;
			buildConfigurationList = 89AF791B29BB07710054E825 /* Build configuration list for PBXNativeTarget "SmokeCounter" */;
			buildPhases = (
				89AF790929BB07700054E825 /* Sources */,
				89AF790A29BB07700054E825 /* Frameworks */,
				89AF790B29BB07700054E825 /* Resources */,
			);
			buildRules = (
			);
			dependencies = (
			);
			name = SmokeCounter;
			productName = SmokeCounter;
			productReference = 89AF790D29BB07700054E825 /* SmokeCounter.app */;
			productType = "com.apple.product-type.application";
		};
/* End PBXNativeTarget section */

/* Begin PBXProject section */
		89AF790529BB07700054E825 /* Project object */ = {
			isa = PBXProject;
			attributes = {
				BuildIndependentTargetsInParallel = 1;
				LastSwiftUpdateCheck = 1420;
				LastUpgradeCheck = 1420;
				TargetAttributes = {
					89AF790C29BB07700054E825 = {
						CreatedOnToolsVersion = 14.2;
					};
				};
			};
			buildConfigurationList = 89AF790829BB07700054E825 /* Build configuration list for PBXProject "SmokeCounter" */;
			compatibilityVersion = "Xcode 14.0";
			developmentRegion = en;
			hasScannedForEncodings = 0;
			knownRegions = (
				en,
				Base,
			);
			mainGroup = 89AF790429BB07700054E825;
			productRefGroup = 89AF790E29BB07700054E825 /* Products */;
			projectDirPath = "";
			projectRoot = "";
			targets = (
				89AF790C29BB07700054E825 /* SmokeCounter */,
			);
		};
/* End PBXProject section */

/* Begin PBXResourcesBuildPhase section */
		89AF790B29BB07700054E825 /* Resources */ = {
			isa = PBXResourcesBuildPhase;
			buildActionMask = 2147483647;
			files = (
				89AF791829BB07710054E825 /* Preview Assets.xcassets in Resources */,
				89AF791529BB07710054E825 /* Assets.xcassets in Resources */,
			);
			runOnlyForDeploymentPostprocessing = 0;
		};
/* End PBXResourcesBuildPhase section */

/* Begin PBXSourcesBuildPhase section */
		89AF790929BB07700054E825 /* Sources */ = {
			isa = PBXSourcesBuildPhase;
			buildActionMask = 2147483647;
			files = (
				89AF792629BB07C60054E825 /* SettingsView.swift in Sources */,
				89AF791329BB07700054E825 /* ContentView.swift in Sources */,
				890593BF29BB214800D24574 /* SettingValues.swift in Sources */,
				890593C429BB4DF900D24574 /* SettingsCellViewModel.swift in Sources */,
				89B9D5FD29BF846D00441D99 /* WelcomeView.swift in Sources */,
				890593C129BB3CFA00D24574 /* DateFormatter.swift in Sources */,
				89AF792229BB07B30054E825 /* MainView.swift in Sources */,
				89AF792429BB07BB0054E825 /* StatusView.swift in Sources */,
				89AF791129BB07700054E825 /* SmokeCounterApp.swift in Sources */,
			);
			runOnlyForDeploymentPostprocessing = 0;
		};
/* End PBXSourcesBuildPhase section */

/* Begin XCBuildConfiguration section */
		89AF791929BB07710054E825 /* Debug */ = {
			isa = XCBuildConfiguration;
			buildSettings = {
				ALWAYS_SEARCH_USER_PATHS = NO;
				CLANG_ANALYZER_NONNULL = YES;
				CLANG_ANALYZER_NUMBER_OBJECT_CONVERSION = YES_AGGRESSIVE;
				CLANG_CXX_LANGUAGE_STANDARD = "gnu++20";
				CLANG_ENABLE_MODULES = YES;
				CLANG_ENABLE_OBJC_ARC = YES;
				CLANG_ENABLE_OBJC_WEAK = YES;
				CLANG_WARN_BLOCK_CAPTURE_AUTORELEASING = YES;
				CLANG_WARN_BOOL_CONVERSION = YES;
				CLANG_WARN_COMMA = YES;
				CLANG_WARN_CONSTANT_CONVERSION = YES;
				CLANG_WARN_DEPRECATED_OBJC_IMPLEMENTATIONS = YES;
				CLANG_WARN_DIRECT_OBJC_ISA_USAGE = YES_ERROR;
				CLANG_WARN_DOCUMENTATION_COMMENTS = YES;
				CLANG_WARN_EMPTY_BODY = YES;
				CLANG_WARN_ENUM_CONVERSION = YES;
				CLANG_WARN_INFINITE_RECURSION = YES;
				CLANG_WARN_INT_CONVERSION = YES;
				CLANG_WARN_NON_LITERAL_NULL_CONVERSION = YES;
				CLANG_WARN_OBJC_IMPLICIT_RETAIN_SELF = YES;
				CLANG_WARN_OBJC_LITERAL_CONVERSION = YES;
				CLANG_WARN_OBJC_ROOT_CLASS = YES_ERROR;
				CLANG_WARN_QUOTED_INCLUDE_IN_FRAMEWORK_HEADER = YES;
				CLANG_WARN_RANGE_LOOP_ANALYSIS = YES;
				CLANG_WARN_STRICT_PROTOTYPES = YES;
				CLANG_WARN_SUSPICIOUS_MOVE = YES;
				CLANG_WARN_UNGUARDED_AVAILABILITY = YES_AGGRESSIVE;
				CLANG_WARN_UNREACHABLE_CODE = YES;
				CLANG_WARN__DUPLICATE_METHOD_MATCH = YES;
				COPY_PHASE_STRIP = NO;
				DEBUG_INFORMATION_FORMAT = dwarf;
				ENABLE_STRICT_OBJC_MSGSEND = YES;
				ENABLE_TESTABILITY = YES;
				GCC_C_LANGUAGE_STANDARD = gnu11;
				GCC_DYNAMIC_NO_PIC = NO;
				GCC_NO_COMMON_BLOCKS = YES;
				GCC_OPTIMIZATION_LEVEL = 0;
				GCC_PREPROCESSOR_DEFINITIONS = (
					"DEBUG=1",
					"$(inherited)",
				);
				GCC_WARN_64_TO_32_BIT_CONVERSION = YES;
				GCC_WARN_ABOUT_RETURN_TYPE = YES_ERROR;
				GCC_WARN_UNDECLARED_SELECTOR = YES;
				GCC_WARN_UNINITIALIZED_AUTOS = YES_AGGRESSIVE;
				GCC_WARN_UNUSED_FUNCTION = YES;
				GCC_WARN_UNUSED_VARIABLE = YES;
				IPHONEOS_DEPLOYMENT_TARGET = 16.2;
				MTL_ENABLE_DEBUG_INFO = INCLUDE_SOURCE;
				MTL_FAST_MATH = YES;
				ONLY_ACTIVE_ARCH = YES;
				SDKROOT = iphoneos;
				SWIFT_ACTIVE_COMPILATION_CONDITIONS = DEBUG;
				SWIFT_OPTIMIZATION_LEVEL = "-Onone";
			};
			name = Debug;
		};
		89AF791A29BB07710054E825 /* Release */ = {
			isa = XCBuildConfiguration;
			buildSettings = {
				ALWAYS_SEARCH_USER_PATHS = NO;
				CLANG_ANALYZER_NONNULL = YES;
				CLANG_ANALYZER_NUMBER_OBJECT_CONVERSION = YES_AGGRESSIVE;
				CLANG_CXX_LANGUAGE_STANDARD = "gnu++20";
				CLANG_ENABLE_MODULES = YES;
				CLANG_ENABLE_OBJC_ARC = YES;
				CLANG_ENABLE_OBJC_WEAK = YES;
				CLANG_WARN_BLOCK_CAPTURE_AUTORELEASING = YES;
				CLANG_WARN_BOOL_CONVERSION = YES;
				CLANG_WARN_COMMA = YES;
				CLANG_WARN_CONSTANT_CONVERSION = YES;
				CLANG_WARN_DEPRECATED_OBJC_IMPLEMENTATIONS = YES;
				CLANG_WARN_DIRECT_OBJC_ISA_USAGE = YES_ERROR;
				CLANG_WARN_DOCUMENTATION_COMMENTS = YES;
				CLANG_WARN_EMPTY_BODY = YES;
				CLANG_WARN_ENUM_CONVERSION = YES;
				CLANG_WARN_INFINITE_RECURSION = YES;
				CLANG_WARN_INT_CONVERSION = YES;
				CLANG_WARN_NON_LITERAL_NULL_CONVERSION = YES;
				CLANG_WARN_OBJC_IMPLICIT_RETAIN_SELF = YES;
				CLANG_WARN_OBJC_LITERAL_CONVERSION = YES;
				CLANG_WARN_OBJC_ROOT_CLASS = YES_ERROR;
				CLANG_WARN_QUOTED_INCLUDE_IN_FRAMEWORK_HEADER = YES;
				CLANG_WARN_RANGE_LOOP_ANALYSIS = YES;
				CLANG_WARN_STRICT_PROTOTYPES = YES;
				CLANG_WARN_SUSPICIOUS_MOVE = YES;
				CLANG_WARN_UNGUARDED_AVAILABILITY = YES_AGGRESSIVE;
				CLANG_WARN_UNREACHABLE_CODE = YES;
				CLANG_WARN__DUPLICATE_METHOD_MATCH = YES;
				COPY_PHASE_STRIP = NO;
				DEBUG_INFORMATION_FORMAT = "dwarf-with-dsym";
				ENABLE_NS_ASSERTIONS = NO;
				ENABLE_STRICT_OBJC_MSGSEND = YES;
				GCC_C_LANGUAGE_STANDARD = gnu11;
				GCC_NO_COMMON_BLOCKS = YES;
				GCC_WARN_64_TO_32_BIT_CONVERSION = YES;
				GCC_WARN_ABOUT_RETURN_TYPE = YES_ERROR;
				GCC_WARN_UNDECLARED_SELECTOR = YES;
				GCC_WARN_UNINITIALIZED_AUTOS = YES_AGGRESSIVE;
				GCC_WARN_UNUSED_FUNCTION = YES;
				GCC_WARN_UNUSED_VARIABLE = YES;
				IPHONEOS_DEPLOYMENT_TARGET = 16.2;
				MTL_ENABLE_DEBUG_INFO = NO;
				MTL_FAST_MATH = YES;
				SDKROOT = iphoneos;
				SWIFT_COMPILATION_MODE = wholemodule;
				SWIFT_OPTIMIZATION_LEVEL = "-O";
				VALIDATE_PRODUCT = YES;
			};
			name = Release;
		};
		89AF791C29BB07710054E825 /* Debug */ = {
			isa = XCBuildConfiguration;
			buildSettings = {
				ASSETCATALOG_COMPILER_APPICON_NAME = AppIcon;
				ASSETCATALOG_COMPILER_GLOBAL_ACCENT_COLOR_NAME = AccentColor;
				CODE_SIGN_STYLE = Automatic;
				CURRENT_PROJECT_VERSION = 1;
				DEVELOPMENT_ASSET_PATHS = "\"SmokeCounter/Preview Content\"";
				DEVELOPMENT_TEAM = WZFUFHJN8D;
				ENABLE_PREVIEWS = YES;
				GENERATE_INFOPLIST_FILE = YES;
				INFOPLIST_KEY_UIApplicationSceneManifest_Generation = YES;
				INFOPLIST_KEY_UIApplicationSupportsIndirectInputEvents = YES;
				INFOPLIST_KEY_UILaunchScreen_Generation = YES;
				INFOPLIST_KEY_UISupportedInterfaceOrientations_iPad = "UIInterfaceOrientationPortrait UIInterfaceOrientationPortraitUpsideDown UIInterfaceOrientationLandscapeLeft UIInterfaceOrientationLandscapeRight";
				INFOPLIST_KEY_UISupportedInterfaceOrientations_iPhone = "UIInterfaceOrientationPortrait UIInterfaceOrientationLandscapeLeft UIInterfaceOrientationLandscapeRight";
				LD_RUNPATH_SEARCH_PATHS = (
					"$(inherited)",
					"@executable_path/Frameworks",
				);
				MARKETING_VERSION = 1.0;
				PRODUCT_BUNDLE_IDENTIFIER = com.Bohan.SmokeCounter;
				PRODUCT_NAME = "$(TARGET_NAME)";
				SWIFT_EMIT_LOC_STRINGS = YES;
				SWIFT_VERSION = 5.0;
				TARGETED_DEVICE_FAMILY = "1,2";
			};
			name = Debug;
		};
		89AF791D29BB07710054E825 /* Release */ = {
			isa = XCBuildConfiguration;
			buildSettings = {
				ASSETCATALOG_COMPILER_APPICON_NAME = AppIcon;
				ASSETCATALOG_COMPILER_GLOBAL_ACCENT_COLOR_NAME = AccentColor;
				CODE_SIGN_STYLE = Automatic;
				CURRENT_PROJECT_VERSION = 1;
				DEVELOPMENT_ASSET_PATHS = "\"SmokeCounter/Preview Content\"";
				DEVELOPMENT_TEAM = WZFUFHJN8D;
				ENABLE_PREVIEWS = YES;
				GENERATE_INFOPLIST_FILE = YES;
				INFOPLIST_KEY_UIApplicationSceneManifest_Generation = YES;
				INFOPLIST_KEY_UIApplicationSupportsIndirectInputEvents = YES;
				INFOPLIST_KEY_UILaunchScreen_Generation = YES;
				INFOPLIST_KEY_UISupportedInterfaceOrientations_iPad = "UIInterfaceOrientationPortrait UIInterfaceOrientationPortraitUpsideDown UIInterfaceOrientationLandscapeLeft UIInterfaceOrientationLandscapeRight";
				INFOPLIST_KEY_UISupportedInterfaceOrientations_iPhone = "UIInterfaceOrientationPortrait UIInterfaceOrientationLandscapeLeft UIInterfaceOrientationLandscapeRight";
				LD_RUNPATH_SEARCH_PATHS = (
					"$(inherited)",
					"@executable_path/Frameworks",
				);
				MARKETING_VERSION = 1.0;
				PRODUCT_BUNDLE_IDENTIFIER = com.Bohan.SmokeCounter;
				PRODUCT_NAME = "$(TARGET_NAME)";
				SWIFT_EMIT_LOC_STRINGS = YES;
				SWIFT_VERSION = 5.0;
				TARGETED_DEVICE_FAMILY = "1,2";
			};
			name = Release;
		};
/* End XCBuildConfiguration section */

/* Begin XCConfigurationList section */
		89AF790829BB07700054E825 /* Build configuration list for PBXProject "SmokeCounter" */ = {
			isa = XCConfigurationList;
			buildConfigurations = (
				89AF791929BB07710054E825 /* Debug */,
				89AF791A29BB07710054E825 /* Release */,
			);
			defaultConfigurationIsVisible = 0;
			defaultConfigurationName = Release;
		};
		89AF791B29BB07710054E825 /* Build configuration list for PBXNativeTarget "SmokeCounter" */ = {
			isa = XCConfigurationList;
			buildConfigurations = (
				89AF791C29BB07710054E825 /* Debug */,
				89AF791D29BB07710054E825 /* Release */,
			);
			defaultConfigurationIsVisible = 0;
			defaultConfigurationName = Release;
		};
/* End XCConfigurationList section */
	};
	rootObject = 89AF790529BB07700054E825 /* Project object */;
}
